
Microsoft Visual Studio Solution File, Format Version 12.00
# Visual Studio Version 16
VisualStudioVersion = 16.0.31624.102
MinimumVisualStudioVersion = 10.0.40219.1
Project("{FAE04EC0-301F-11D3-BF4B-00C04F79EFBC}") = "DungeonsAndDocuments", "DungeonsAndDocuments\DungeonsAndDocuments.csproj", "{D5ECD564-BC1F-4009-9FAE-FEDAB402F05A}"
EndProject
Global
	GlobalSection(SolutionConfigurationPlatforms) = preSolution
		Debug|Any CPU = Debug|Any CPU
		Release|Any CPU = Release|Any CPU
	EndGlobalSection
	GlobalSection(ProjectConfigurationPlatforms) = postSolution
		{D5ECD564-BC1F-4009-9FAE-FEDAB402F05A}.Debug|Any CPU.ActiveCfg = Debug|Any CPU
		{D5ECD564-BC1F-4009-9FAE-FEDAB402F05A}.Debug|Any CPU.Build.0 = Debug|Any CPU
		{D5ECD564-BC1F-4009-9FAE-FEDAB402F05A}.Release|Any CPU.ActiveCfg = Release|Any CPU
		{D5ECD564-BC1F-4009-9FAE-FEDAB402F05A}.Release|Any CPU.Build.0 = Release|Any CPU
	EndGlobalSection
	GlobalSection(SolutionProperties) = preSolution
		HideSolutionNode = FALSE
	EndGlobalSection
	GlobalSection(ExtensibilityGlobals) = postSolution
		SolutionGuid = {4F65AF9A-7DF4-44DA-BF7C-F150579793B0}
	EndGlobalSection
EndGlobal
